// !$*UTF8*$!
{
	archiveVersion = 1;
	classes = {
	};
	objectVersion = 50;
	objects = {

/* Begin PBXBuildFile section */
		4E98CDEA6A07F0343348F3F9 /* libPods-cailanzi.a in Frameworks */ = {isa = PBXBuildFile; fileRef = 503AAC29E36C816CDBD43A8A /* libPods-cailanzi.a */; };
		844CAB3122426F7C0096D567 /* AppDelegate+extend.m in Sources */ = {isa = PBXBuildFile; fileRef = 844CAB3022426F7C0096D567 /* AppDelegate+extend.m */; };
		844CAB982247BBD10096D567 /* 菌类.json in Resources */ = {isa = PBXBuildFile; fileRef = 844CAB912247BBCE0096D567 /* 菌类.json */; };
		844CAB992247BBD10096D567 /* 根茎类.json in Resources */ = {isa = PBXBuildFile; fileRef = 844CAB922247BBCE0096D567 /* 根茎类.json */; };
		844CAB9A2247BBD10096D567 /* 葱姜类.json in Resources */ = {isa = PBXBuildFile; fileRef = 844CAB932247BBCE0096D567 /* 葱姜类.json */; };
		844CAB9B2247BBD10096D567 /* 豆类.json in Resources */ = {isa = PBXBuildFile; fileRef = 844CAB942247BBCF0096D567 /* 豆类.json */; };
		844CAB9C2247BBD10096D567 /* 特菜.json in Resources */ = {isa = PBXBuildFile; fileRef = 844CAB952247BBCF0096D567 /* 特菜.json */; };
		844CAB9D2247BBD10096D567 /* 叶菜类.json in Resources */ = {isa = PBXBuildFile; fileRef = 844CAB962247BBD00096D567 /* 叶菜类.json */; };
		844CAB9E2247BBD10096D567 /* 茄果类.json in Resources */ = {isa = PBXBuildFile; fileRef = 844CAB972247BBD00096D567 /* 茄果类.json */; };
		844CABA1224912130096D567 /* CLZNetworkManager.m in Sources */ = {isa = PBXBuildFile; fileRef = 844CABA0224912130096D567 /* CLZNetworkManager.m */; };
		844CABA42249130C0096D567 /* CLZUserInfo.m in Sources */ = {isa = PBXBuildFile; fileRef = 844CABA32249130C0096D567 /* CLZUserInfo.m */; };
		844CABA72249133C0096D567 /* CLZStorageManager.m in Sources */ = {isa = PBXBuildFile; fileRef = 844CABA62249133C0096D567 /* CLZStorageManager.m */; };
		844CABAB224914820096D567 /* CLZLoginViewController.m in Sources */ = {isa = PBXBuildFile; fileRef = 844CABAA224914820096D567 /* CLZLoginViewController.m */; };
		844CABAE2249149D0096D567 /* CLZRegisterViewController.m in Sources */ = {isa = PBXBuildFile; fileRef = 844CABAD2249149D0096D567 /* CLZRegisterViewController.m */; };
		844CABB122491A500096D567 /* CLZFanKuiViewController.m in Sources */ = {isa = PBXBuildFile; fileRef = 844CABB022491A500096D567 /* CLZFanKuiViewController.m */; };
		844CABB422491AAC0096D567 /* CLZProtocolViewController.m in Sources */ = {isa = PBXBuildFile; fileRef = 844CABB322491AAC0096D567 /* CLZProtocolViewController.m */; };
		844CABB722491ACE0096D567 /* CLZAboutViewController.m in Sources */ = {isa = PBXBuildFile; fileRef = 844CABB622491ACE0096D567 /* CLZAboutViewController.m */; };
		844CABBB22491CC60096D567 /* CLZOrdersViewController.m in Sources */ = {isa = PBXBuildFile; fileRef = 844CABBA22491CC60096D567 /* CLZOrdersViewController.m */; };
		844CABBF22491EAC0096D567 /* CLZAddressManagerViewController.m in Sources */ = {isa = PBXBuildFile; fileRef = 844CABBE22491EAC0096D567 /* CLZAddressManagerViewController.m */; };
		844CABC122491EF30096D567 /* ClassName.plist in Resources */ = {isa = PBXBuildFile; fileRef = 844CABC022491EF30096D567 /* ClassName.plist */; };
		844CABC4224923BB0096D567 /* CLZGoodsTypeModel.m in Sources */ = {isa = PBXBuildFile; fileRef = 844CABC3224923BB0096D567 /* CLZGoodsTypeModel.m */; };
		844CABC7224A74E30096D567 /* CLZHomeDisplayPageController.m in Sources */ = {isa = PBXBuildFile; fileRef = 844CABC6224A74E30096D567 /* CLZHomeDisplayPageController.m */; };
		844CABCA224A80690096D567 /* CLZTypeModel.m in Sources */ = {isa = PBXBuildFile; fileRef = 844CABC9224A80690096D567 /* CLZTypeModel.m */; };
		844CABCD224A81410096D567 /* CLZGoosListViewController.m in Sources */ = {isa = PBXBuildFile; fileRef = 844CABCC224A81410096D567 /* CLZGoosListViewController.m */; };
		844CABD0224BB1E90096D567 /* CLZCarManager.m in Sources */ = {isa = PBXBuildFile; fileRef = 844CABCF224BB1E90096D567 /* CLZCarManager.m */; };
		844CABD3224BB20A0096D567 /* CLZCarModel.m in Sources */ = {isa = PBXBuildFile; fileRef = 844CABD2224BB20A0096D567 /* CLZCarModel.m */; };
		844CABD6224D1A8A0096D567 /* CLZAddressModel.m in Sources */ = {isa = PBXBuildFile; fileRef = 844CABD5224D1A8A0096D567 /* CLZAddressModel.m */; };
		844CABD9224E60770096D567 /* CLZConfirmOrderViewController.m in Sources */ = {isa = PBXBuildFile; fileRef = 844CABD8224E60770096D567 /* CLZConfirmOrderViewController.m */; };
		844CABE0224E61610096D567 /* CityModel.m in Sources */ = {isa = PBXBuildFile; fileRef = 844CABDB224E615F0096D567 /* CityModel.m */; };
		844CABE1224E61610096D567 /* RCAddressSelectView.m in Sources */ = {isa = PBXBuildFile; fileRef = 844CABDD224E61600096D567 /* RCAddressSelectView.m */; };
		844CABE2224E61610096D567 /* RCAreaManager.m in Sources */ = {isa = PBXBuildFile; fileRef = 844CABDF224E61610096D567 /* RCAreaManager.m */; };
		844CABE5224E62930096D567 /* CLZAddAddressViewController.m in Sources */ = {isa = PBXBuildFile; fileRef = 844CABE4224E62930096D567 /* CLZAddAddressViewController.m */; };
		844CABE7224E6F940096D567 /* area.json in Resources */ = {isa = PBXBuildFile; fileRef = 844CABE6224E6F940096D567 /* area.json */; };
		844CABEA2250CA920096D567 /* CLZMyOrdersPageViewController.m in Sources */ = {isa = PBXBuildFile; fileRef = 844CABE92250CA920096D567 /* CLZMyOrdersPageViewController.m */; };
		844CABED2250CAE20096D567 /* CLZMyOrderTableViewController.m in Sources */ = {isa = PBXBuildFile; fileRef = 844CABEC2250CAE20096D567 /* CLZMyOrderTableViewController.m */; };
		844CABF02250CD1B0096D567 /* CLZBaseModel.m in Sources */ = {isa = PBXBuildFile; fileRef = 844CABEF2250CD1B0096D567 /* CLZBaseModel.m */; };
		844CABF322510BF90096D567 /* CLZConfig.m in Sources */ = {isa = PBXBuildFile; fileRef = 844CABF222510BF90096D567 /* CLZConfig.m */; };
		844CABF6225252CF0096D567 /* CLZMyOrderTableViewCell.m in Sources */ = {isa = PBXBuildFile; fileRef = 844CABF5225252CF0096D567 /* CLZMyOrderTableViewCell.m */; };
		844CABF9225259150096D567 /* CLZOrderModel.m in Sources */ = {isa = PBXBuildFile; fileRef = 844CABF8225259150096D567 /* CLZOrderModel.m */; };
		84866FFD223FD7F700D2B726 /* AppDelegate.m in Sources */ = {isa = PBXBuildFile; fileRef = 84866FFC223FD7F700D2B726 /* AppDelegate.m */; };
		84867000223FD7F700D2B726 /* ViewController.m in Sources */ = {isa = PBXBuildFile; fileRef = 84866FFF223FD7F700D2B726 /* ViewController.m */; };
		84867003223FD7F700D2B726 /* Main.storyboard in Resources */ = {isa = PBXBuildFile; fileRef = 84867001223FD7F700D2B726 /* Main.storyboard */; };
		84867005223FD7FB00D2B726 /* Assets.xcassets in Resources */ = {isa = PBXBuildFile; fileRef = 84867004223FD7FB00D2B726 /* Assets.xcassets */; };
		84867008223FD7FB00D2B726 /* LaunchScreen.storyboard in Resources */ = {isa = PBXBuildFile; fileRef = 84867006223FD7FB00D2B726 /* LaunchScreen.storyboard */; };
		8486700B223FD7FB00D2B726 /* main.m in Sources */ = {isa = PBXBuildFile; fileRef = 8486700A223FD7FB00D2B726 /* main.m */; };
		84867018223FD9A200D2B726 /* CLZBaseViewController.m in Sources */ = {isa = PBXBuildFile; fileRef = 84867017223FD9A200D2B726 /* CLZBaseViewController.m */; };
		8486701B223FD9BC00D2B726 /* CLZBaseNavigationController.m in Sources */ = {isa = PBXBuildFile; fileRef = 8486701A223FD9BC00D2B726 /* CLZBaseNavigationController.m */; };
		84867020223FDA7E00D2B726 /* MainViewController.m in Sources */ = {isa = PBXBuildFile; fileRef = 8486701F223FDA7E00D2B726 /* MainViewController.m */; };
		8486703D223FDBA600D2B726 /* NSObject+DCNull.m in Sources */ = {isa = PBXBuildFile; fileRef = 84867021223FDBA400D2B726 /* NSObject+DCNull.m */; };
		8486703E223FDBA600D2B726 /* NSString+base64.m in Sources */ = {isa = PBXBuildFile; fileRef = 84867026223FDBA400D2B726 /* NSString+base64.m */; };
		8486703F223FDBA600D2B726 /* NSURL+DCHook.m in Sources */ = {isa = PBXBuildFile; fileRef = 84867027223FDBA400D2B726 /* NSURL+DCHook.m */; };
		84867040223FDBA600D2B726 /* UILabel+Common.m in Sources */ = {isa = PBXBuildFile; fileRef = 84867029223FDBA400D2B726 /* UILabel+Common.m */; };
		84867041223FDBA600D2B726 /* UIView+Common.m in Sources */ = {isa = PBXBuildFile; fileRef = 8486702D223FDBA500D2B726 /* UIView+Common.m */; };
		84867042223FDBA600D2B726 /* UIImageView+DCExtension.m in Sources */ = {isa = PBXBuildFile; fileRef = 8486702F223FDBA500D2B726 /* UIImageView+DCExtension.m */; };
		84867043223FDBA600D2B726 /* UIView+Frame.m in Sources */ = {isa = PBXBuildFile; fileRef = 84867031223FDBA500D2B726 /* UIView+Frame.m */; };
		84867044223FDBA600D2B726 /* UIColor+DCColorChange.m in Sources */ = {isa = PBXBuildFile; fileRef = 84867032223FDBA500D2B726 /* UIColor+DCColorChange.m */; };
		84867045223FDBA600D2B726 /* UIColor+expanded.m in Sources */ = {isa = PBXBuildFile; fileRef = 84867033223FDBA500D2B726 /* UIColor+expanded.m */; };
		84867046223FDBA600D2B726 /* UIBarButtonItem+DCBarButtonItem.m in Sources */ = {isa = PBXBuildFile; fileRef = 84867034223FDBA500D2B726 /* UIBarButtonItem+DCBarButtonItem.m */; };
		84867047223FDBA600D2B726 /* UIImage+DCCircle.m in Sources */ = {isa = PBXBuildFile; fileRef = 84867036223FDBA600D2B726 /* UIImage+DCCircle.m */; };
		84867048223FDBA600D2B726 /* UILabel+DCLabel.m in Sources */ = {isa = PBXBuildFile; fileRef = 84867037223FDBA600D2B726 /* UILabel+DCLabel.m */; };
		84867049223FDBA600D2B726 /* UIView+DCExtension.m in Sources */ = {isa = PBXBuildFile; fileRef = 84867039223FDBA600D2B726 /* UIView+DCExtension.m */; };
		8486704A223FDBA600D2B726 /* UIImage+Common.m in Sources */ = {isa = PBXBuildFile; fileRef = 8486703B223FDBA600D2B726 /* UIImage+Common.m */; };
		8486704E223FDBB000D2B726 /* GQGesVCTransition.m in Sources */ = {isa = PBXBuildFile; fileRef = 8486704C223FDBAF00D2B726 /* GQGesVCTransition.m */; };
		84867051223FDC0D00D2B726 /* CLZHomeViewController.m in Sources */ = {isa = PBXBuildFile; fileRef = 84867050223FDC0D00D2B726 /* CLZHomeViewController.m */; };
		84867056223FDC3C00D2B726 /* CLZCarViewController.m in Sources */ = {isa = PBXBuildFile; fileRef = 84867055223FDC3C00D2B726 /* CLZCarViewController.m */; };
		8486705A223FDC4F00D2B726 /* CLZMineViewController.m in Sources */ = {isa = PBXBuildFile; fileRef = 84867059223FDC4F00D2B726 /* CLZMineViewController.m */; };
		8486706022411C7400D2B726 /* CLZAPIManager.m in Sources */ = {isa = PBXBuildFile; fileRef = 8486705F22411C7400D2B726 /* CLZAPIManager.m */; };
		84867063224125DA00D2B726 /* CLZGoodsModel.m in Sources */ = {isa = PBXBuildFile; fileRef = 84867062224125DA00D2B726 /* CLZGoodsModel.m */; };
		84867066224125F400D2B726 /* CLZCommendModel.m in Sources */ = {isa = PBXBuildFile; fileRef = 84867065224125F400D2B726 /* CLZCommendModel.m */; };
		848670692241296300D2B726 /* CLZHomeCommendRequest.m in Sources */ = {isa = PBXBuildFile; fileRef = 848670682241296300D2B726 /* CLZHomeCommendRequest.m */; };
		8486706C2241391B00D2B726 /* CLZGoodsTableViewCell.m in Sources */ = {isa = PBXBuildFile; fileRef = 8486706B2241391B00D2B726 /* CLZGoodsTableViewCell.m */; };
/* End PBXBuildFile section */

/* Begin PBXFileReference section */
		407323AE9C3D2171DE15AA03 /* Pods-cailanzi.debug.xcconfig */ = {isa = PBXFileReference; includeInIndex = 1; lastKnownFileType = text.xcconfig; name = "Pods-cailanzi.debug.xcconfig"; path = "Pods/Target Support Files/Pods-cailanzi/Pods-cailanzi.debug.xcconfig"; sourceTree = "<group>"; };
		49FED0275851347EEF508179 /* Pods-cailanzi.release.xcconfig */ = {isa = PBXFileReference; includeInIndex = 1; lastKnownFileType = text.xcconfig; name = "Pods-cailanzi.release.xcconfig"; path = "Pods/Target Support Files/Pods-cailanzi/Pods-cailanzi.release.xcconfig"; sourceTree = "<group>"; };
		503AAC29E36C816CDBD43A8A /* libPods-cailanzi.a */ = {isa = PBXFileReference; explicitFileType = archive.ar; includeInIndex = 0; path = "libPods-cailanzi.a"; sourceTree = BUILT_PRODUCTS_DIR; };
		844CAB2F22426F7C0096D567 /* AppDelegate+extend.h */ = {isa = PBXFileReference; lastKnownFileType = sourcecode.c.h; path = "AppDelegate+extend.h"; sourceTree = "<group>"; };
		844CAB3022426F7C0096D567 /* AppDelegate+extend.m */ = {isa = PBXFileReference; lastKnownFileType = sourcecode.c.objc; path = "AppDelegate+extend.m"; sourceTree = "<group>"; };
		844CAB912247BBCE0096D567 /* 菌类.json */ = {isa = PBXFileReference; fileEncoding = 4; lastKnownFileType = text.json; name = "菌类.json"; path = "../../../../美菜/菌类.json"; sourceTree = "<group>"; };
		844CAB922247BBCE0096D567 /* 根茎类.json */ = {isa = PBXFileReference; fileEncoding = 4; lastKnownFileType = text.json; name = "根茎类.json"; path = "../../../../美菜/根茎类.json"; sourceTree = "<group>"; };
		844CAB932247BBCE0096D567 /* 葱姜类.json */ = {isa = PBXFileReference; fileEncoding = 4; lastKnownFileType = text.json; name = "葱姜类.json"; path = "../../../../美菜/葱姜类.json"; sourceTree = "<group>"; };
		844CAB942247BBCF0096D567 /* 豆类.json */ = {isa = PBXFileReference; fileEncoding = 4; lastKnownFileType = text.json; name = "豆类.json"; path = "../../../../美菜/豆类.json"; sourceTree = "<group>"; };
		844CAB952247BBCF0096D567 /* 特菜.json */ = {isa = PBXFileReference; fileEncoding = 4; lastKnownFileType = text.json; name = "特菜.json"; path = "../../../../美菜/特菜.json"; sourceTree = "<group>"; };
		844CAB962247BBD00096D567 /* 叶菜类.json */ = {isa = PBXFileReference; fileEncoding = 4; lastKnownFileType = text.json; name = "叶菜类.json"; path = "../../../../美菜/叶菜类.json"; sourceTree = "<group>"; };
		844CAB972247BBD00096D567 /* 茄果类.json */ = {isa = PBXFileReference; fileEncoding = 4; lastKnownFileType = text.json; name = "茄果类.json"; path = "../../../../美菜/茄果类.json"; sourceTree = "<group>"; };
		844CAB9F224912130096D567 /* CLZNetworkManager.h */ = {isa = PBXFileReference; lastKnownFileType = sourcecode.c.h; path = CLZNetworkManager.h; sourceTree = "<group>"; };
		844CABA0224912130096D567 /* CLZNetworkManager.m */ = {isa = PBXFileReference; lastKnownFileType = sourcecode.c.objc; path = CLZNetworkManager.m; sourceTree = "<group>"; };
		844CABA22249130C0096D567 /* CLZUserInfo.h */ = {isa = PBXFileReference; lastKnownFileType = sourcecode.c.h; path = CLZUserInfo.h; sourceTree = "<group>"; };
		844CABA32249130C0096D567 /* CLZUserInfo.m */ = {isa = PBXFileReference; lastKnownFileType = sourcecode.c.objc; path = CLZUserInfo.m; sourceTree = "<group>"; };
		844CABA52249133C0096D567 /* CLZStorageManager.h */ = {isa = PBXFileReference; lastKnownFileType = sourcecode.c.h; path = CLZStorageManager.h; sourceTree = "<group>"; };
		844CABA62249133C0096D567 /* CLZStorageManager.m */ = {isa = PBXFileReference; lastKnownFileType = sourcecode.c.objc; path = CLZStorageManager.m; sourceTree = "<group>"; };
		844CABA9224914820096D567 /* CLZLoginViewController.h */ = {isa = PBXFileReference; lastKnownFileType = sourcecode.c.h; path = CLZLoginViewController.h; sourceTree = "<group>"; };
		844CABAA224914820096D567 /* CLZLoginViewController.m */ = {isa = PBXFileReference; lastKnownFileType = sourcecode.c.objc; path = CLZLoginViewController.m; sourceTree = "<group>"; };
		844CABAC2249149D0096D567 /* CLZRegisterViewController.h */ = {isa = PBXFileReference; lastKnownFileType = sourcecode.c.h; path = CLZRegisterViewController.h; sourceTree = "<group>"; };
		844CABAD2249149D0096D567 /* CLZRegisterViewController.m */ = {isa = PBXFileReference; lastKnownFileType = sourcecode.c.objc; path = CLZRegisterViewController.m; sourceTree = "<group>"; };
		844CABAF22491A500096D567 /* CLZFanKuiViewController.h */ = {isa = PBXFileReference; lastKnownFileType = sourcecode.c.h; path = CLZFanKuiViewController.h; sourceTree = "<group>"; };
		844CABB022491A500096D567 /* CLZFanKuiViewController.m */ = {isa = PBXFileReference; lastKnownFileType = sourcecode.c.objc; path = CLZFanKuiViewController.m; sourceTree = "<group>"; };
		844CABB222491AAC0096D567 /* CLZProtocolViewController.h */ = {isa = PBXFileReference; lastKnownFileType = sourcecode.c.h; path = CLZProtocolViewController.h; sourceTree = "<group>"; };
		844CABB322491AAC0096D567 /* CLZProtocolViewController.m */ = {isa = PBXFileReference; lastKnownFileType = sourcecode.c.objc; path = CLZProtocolViewController.m; sourceTree = "<group>"; };
		844CABB522491ACE0096D567 /* CLZAboutViewController.h */ = {isa = PBXFileReference; lastKnownFileType = sourcecode.c.h; path = CLZAboutViewController.h; sourceTree = "<group>"; };
		844CABB622491ACE0096D567 /* CLZAboutViewController.m */ = {isa = PBXFileReference; lastKnownFileType = sourcecode.c.objc; path = CLZAboutViewController.m; sourceTree = "<group>"; };
		844CABB922491CC60096D567 /* CLZOrdersViewController.h */ = {isa = PBXFileReference; lastKnownFileType = sourcecode.c.h; path = CLZOrdersViewController.h; sourceTree = "<group>"; };
		844CABBA22491CC60096D567 /* CLZOrdersViewController.m */ = {isa = PBXFileReference; lastKnownFileType = sourcecode.c.objc; path = CLZOrdersViewController.m; sourceTree = "<group>"; };
		844CABBD22491EAC0096D567 /* CLZAddressManagerViewController.h */ = {isa = PBXFileReference; lastKnownFileType = sourcecode.c.h; path = CLZAddressManagerViewController.h; sourceTree = "<group>"; };
		844CABBE22491EAC0096D567 /* CLZAddressManagerViewController.m */ = {isa = PBXFileReference; lastKnownFileType = sourcecode.c.objc; path = CLZAddressManagerViewController.m; sourceTree = "<group>"; };
		844CABC022491EF30096D567 /* ClassName.plist */ = {isa = PBXFileReference; lastKnownFileType = text.plist.xml; path = ClassName.plist; sourceTree = "<group>"; };
		844CABC2224923BB0096D567 /* CLZGoodsTypeModel.h */ = {isa = PBXFileReference; lastKnownFileType = sourcecode.c.h; path = CLZGoodsTypeModel.h; sourceTree = "<group>"; };
		844CABC3224923BB0096D567 /* CLZGoodsTypeModel.m */ = {isa = PBXFileReference; lastKnownFileType = sourcecode.c.objc; path = CLZGoodsTypeModel.m; sourceTree = "<group>"; };
		844CABC5224A74E30096D567 /* CLZHomeDisplayPageController.h */ = {isa = PBXFileReference; lastKnownFileType = sourcecode.c.h; path = CLZHomeDisplayPageController.h; sourceTree = "<group>"; };
		844CABC6224A74E30096D567 /* CLZHomeDisplayPageController.m */ = {isa = PBXFileReference; lastKnownFileType = sourcecode.c.objc; path = CLZHomeDisplayPageController.m; sourceTree = "<group>"; };
		844CABC8224A80690096D567 /* CLZTypeModel.h */ = {isa = PBXFileReference; lastKnownFileType = sourcecode.c.h; path = CLZTypeModel.h; sourceTree = "<group>"; };
		844CABC9224A80690096D567 /* CLZTypeModel.m */ = {isa = PBXFileReference; lastKnownFileType = sourcecode.c.objc; path = CLZTypeModel.m; sourceTree = "<group>"; };
		844CABCB224A81410096D567 /* CLZGoosListViewController.h */ = {isa = PBXFileReference; lastKnownFileType = sourcecode.c.h; path = CLZGoosListViewController.h; sourceTree = "<group>"; };
		844CABCC224A81410096D567 /* CLZGoosListViewController.m */ = {isa = PBXFileReference; lastKnownFileType = sourcecode.c.objc; path = CLZGoosListViewController.m; sourceTree = "<group>"; };
		844CABCE224BB1E90096D567 /* CLZCarManager.h */ = {isa = PBXFileReference; lastKnownFileType = sourcecode.c.h; path = CLZCarManager.h; sourceTree = "<group>"; };
		844CABCF224BB1E90096D567 /* CLZCarManager.m */ = {isa = PBXFileReference; lastKnownFileType = sourcecode.c.objc; path = CLZCarManager.m; sourceTree = "<group>"; };
		844CABD1224BB20A0096D567 /* CLZCarModel.h */ = {isa = PBXFileReference; lastKnownFileType = sourcecode.c.h; path = CLZCarModel.h; sourceTree = "<group>"; };
		844CABD2224BB20A0096D567 /* CLZCarModel.m */ = {isa = PBXFileReference; lastKnownFileType = sourcecode.c.objc; path = CLZCarModel.m; sourceTree = "<group>"; };
		844CABD4224D1A8A0096D567 /* CLZAddressModel.h */ = {isa = PBXFileReference; lastKnownFileType = sourcecode.c.h; path = CLZAddressModel.h; sourceTree = "<group>"; };
		844CABD5224D1A8A0096D567 /* CLZAddressModel.m */ = {isa = PBXFileReference; lastKnownFileType = sourcecode.c.objc; path = CLZAddressModel.m; sourceTree = "<group>"; };
		844CABD7224E60770096D567 /* CLZConfirmOrderViewController.h */ = {isa = PBXFileReference; lastKnownFileType = sourcecode.c.h; path = CLZConfirmOrderViewController.h; sourceTree = "<group>"; };
		844CABD8224E60770096D567 /* CLZConfirmOrderViewController.m */ = {isa = PBXFileReference; lastKnownFileType = sourcecode.c.objc; path = CLZConfirmOrderViewController.m; sourceTree = "<group>"; };
		844CABDA224E615F0096D567 /* RCAddressSelectView.h */ = {isa = PBXFileReference; fileEncoding = 4; lastKnownFileType = sourcecode.c.h; path = RCAddressSelectView.h; sourceTree = "<group>"; };
		844CABDB224E615F0096D567 /* CityModel.m */ = {isa = PBXFileReference; fileEncoding = 4; lastKnownFileType = sourcecode.c.objc; path = CityModel.m; sourceTree = "<group>"; };
		844CABDC224E615F0096D567 /* CityModel.h */ = {isa = PBXFileReference; fileEncoding = 4; lastKnownFileType = sourcecode.c.h; path = CityModel.h; sourceTree = "<group>"; };
		844CABDD224E61600096D567 /* RCAddressSelectView.m */ = {isa = PBXFileReference; fileEncoding = 4; lastKnownFileType = sourcecode.c.objc; path = RCAddressSelectView.m; sourceTree = "<group>"; };
		844CABDE224E61600096D567 /* RCAreaManager.h */ = {isa = PBXFileReference; fileEncoding = 4; lastKnownFileType = sourcecode.c.h; path = RCAreaManager.h; sourceTree = "<group>"; };
		844CABDF224E61610096D567 /* RCAreaManager.m */ = {isa = PBXFileReference; fileEncoding = 4; lastKnownFileType = sourcecode.c.objc; path = RCAreaManager.m; sourceTree = "<group>"; };
		844CABE3224E62930096D567 /* CLZAddAddressViewController.h */ = {isa = PBXFileReference; lastKnownFileType = sourcecode.c.h; path = CLZAddAddressViewController.h; sourceTree = "<group>"; };
		844CABE4224E62930096D567 /* CLZAddAddressViewController.m */ = {isa = PBXFileReference; lastKnownFileType = sourcecode.c.objc; path = CLZAddAddressViewController.m; sourceTree = "<group>"; };
		844CABE6224E6F940096D567 /* area.json */ = {isa = PBXFileReference; fileEncoding = 4; lastKnownFileType = text.json; path = area.json; sourceTree = "<group>"; };
		844CABE82250CA920096D567 /* CLZMyOrdersPageViewController.h */ = {isa = PBXFileReference; lastKnownFileType = sourcecode.c.h; path = CLZMyOrdersPageViewController.h; sourceTree = "<group>"; };
		844CABE92250CA920096D567 /* CLZMyOrdersPageViewController.m */ = {isa = PBXFileReference; lastKnownFileType = sourcecode.c.objc; path = CLZMyOrdersPageViewController.m; sourceTree = "<group>"; };
		844CABEB2250CAE20096D567 /* CLZMyOrderTableViewController.h */ = {isa = PBXFileReference; lastKnownFileType = sourcecode.c.h; path = CLZMyOrderTableViewController.h; sourceTree = "<group>"; };
		844CABEC2250CAE20096D567 /* CLZMyOrderTableViewController.m */ = {isa = PBXFileReference; lastKnownFileType = sourcecode.c.objc; path = CLZMyOrderTableViewController.m; sourceTree = "<group>"; };
		844CABEE2250CD1B0096D567 /* CLZBaseModel.h */ = {isa = PBXFileReference; lastKnownFileType = sourcecode.c.h; path = CLZBaseModel.h; sourceTree = "<group>"; };
		844CABEF2250CD1B0096D567 /* CLZBaseModel.m */ = {isa = PBXFileReference; lastKnownFileType = sourcecode.c.objc; path = CLZBaseModel.m; sourceTree = "<group>"; };
		844CABF122510BF90096D567 /* CLZConfig.h */ = {isa = PBXFileReference; lastKnownFileType = sourcecode.c.h; path = CLZConfig.h; sourceTree = "<group>"; };
		844CABF222510BF90096D567 /* CLZConfig.m */ = {isa = PBXFileReference; lastKnownFileType = sourcecode.c.objc; path = CLZConfig.m; sourceTree = "<group>"; };
		844CABF4225252CF0096D567 /* CLZMyOrderTableViewCell.h */ = {isa = PBXFileReference; lastKnownFileType = sourcecode.c.h; path = CLZMyOrderTableViewCell.h; sourceTree = "<group>"; };
		844CABF5225252CF0096D567 /* CLZMyOrderTableViewCell.m */ = {isa = PBXFileReference; lastKnownFileType = sourcecode.c.objc; path = CLZMyOrderTableViewCell.m; sourceTree = "<group>"; };
		844CABF7225259150096D567 /* CLZOrderModel.h */ = {isa = PBXFileReference; lastKnownFileType = sourcecode.c.h; path = CLZOrderModel.h; sourceTree = "<group>"; };
		844CABF8225259150096D567 /* CLZOrderModel.m */ = {isa = PBXFileReference; lastKnownFileType = sourcecode.c.objc; path = CLZOrderModel.m; sourceTree = "<group>"; };
		84866FF8223FD7F700D2B726 /* cailanzi.app */ = {isa = PBXFileReference; explicitFileType = wrapper.application; includeInIndex = 0; path = cailanzi.app; sourceTree = BUILT_PRODUCTS_DIR; };
		84866FFB223FD7F700D2B726 /* AppDelegate.h */ = {isa = PBXFileReference; lastKnownFileType = sourcecode.c.h; path = AppDelegate.h; sourceTree = "<group>"; };
		84866FFC223FD7F700D2B726 /* AppDelegate.m */ = {isa = PBXFileReference; lastKnownFileType = sourcecode.c.objc; path = AppDelegate.m; sourceTree = "<group>"; };
		84866FFE223FD7F700D2B726 /* ViewController.h */ = {isa = PBXFileReference; lastKnownFileType = sourcecode.c.h; path = ViewController.h; sourceTree = "<group>"; };
		84866FFF223FD7F700D2B726 /* ViewController.m */ = {isa = PBXFileReference; lastKnownFileType = sourcecode.c.objc; path = ViewController.m; sourceTree = "<group>"; };
		84867002223FD7F700D2B726 /* Base */ = {isa = PBXFileReference; lastKnownFileType = file.storyboard; name = Base; path = Base.lproj/Main.storyboard; sourceTree = "<group>"; };
		84867004223FD7FB00D2B726 /* Assets.xcassets */ = {isa = PBXFileReference; lastKnownFileType = folder.assetcatalog; path = Assets.xcassets; sourceTree = "<group>"; };
		84867007223FD7FB00D2B726 /* Base */ = {isa = PBXFileReference; lastKnownFileType = file.storyboard; name = Base; path = Base.lproj/LaunchScreen.storyboard; sourceTree = "<group>"; };
		84867009223FD7FB00D2B726 /* Info.plist */ = {isa = PBXFileReference; lastKnownFileType = text.plist.xml; path = Info.plist; sourceTree = "<group>"; };
		8486700A223FD7FB00D2B726 /* main.m */ = {isa = PBXFileReference; lastKnownFileType = sourcecode.c.objc; path = main.m; sourceTree = "<group>"; };
		84867016223FD9A200D2B726 /* CLZBaseViewController.h */ = {isa = PBXFileReference; lastKnownFileType = sourcecode.c.h; path = CLZBaseViewController.h; sourceTree = "<group>"; };
		84867017223FD9A200D2B726 /* CLZBaseViewController.m */ = {isa = PBXFileReference; lastKnownFileType = sourcecode.c.objc; path = CLZBaseViewController.m; sourceTree = "<group>"; };
		84867019223FD9BC00D2B726 /* CLZBaseNavigationController.h */ = {isa = PBXFileReference; lastKnownFileType = sourcecode.c.h; path = CLZBaseNavigationController.h; sourceTree = "<group>"; };
		8486701A223FD9BC00D2B726 /* CLZBaseNavigationController.m */ = {isa = PBXFileReference; lastKnownFileType = sourcecode.c.objc; path = CLZBaseNavigationController.m; sourceTree = "<group>"; };
		8486701C223FD9F300D2B726 /* PrefixHeader.pch */ = {isa = PBXFileReference; lastKnownFileType = sourcecode.c.h; path = PrefixHeader.pch; sourceTree = "<group>"; };
		8486701D223FDA1800D2B726 /* Macros.h */ = {isa = PBXFileReference; lastKnownFileType = sourcecode.c.h; path = Macros.h; sourceTree = "<group>"; };
		8486701E223FDA7E00D2B726 /* MainViewController.h */ = {isa = PBXFileReference; lastKnownFileType = sourcecode.c.h; path = MainViewController.h; sourceTree = "<group>"; };
		8486701F223FDA7E00D2B726 /* MainViewController.m */ = {isa = PBXFileReference; lastKnownFileType = sourcecode.c.objc; path = MainViewController.m; sourceTree = "<group>"; };
		84867021223FDBA400D2B726 /* NSObject+DCNull.m */ = {isa = PBXFileReference; fileEncoding = 4; lastKnownFileType = sourcecode.c.objc; path = "NSObject+DCNull.m"; sourceTree = "<group>"; };
		84867022223FDBA400D2B726 /* UIColor+DCColorChange.h */ = {isa = PBXFileReference; fileEncoding = 4; lastKnownFileType = sourcecode.c.h; path = "UIColor+DCColorChange.h"; sourceTree = "<group>"; };
		84867023223FDBA400D2B726 /* UIImage+DCCircle.h */ = {isa = PBXFileReference; fileEncoding = 4; lastKnownFileType = sourcecode.c.h; path = "UIImage+DCCircle.h"; sourceTree = "<group>"; };
		84867024223FDBA400D2B726 /* NSString+base64.h */ = {isa = PBXFileReference; fileEncoding = 4; lastKnownFileType = sourcecode.c.h; path = "NSString+base64.h"; sourceTree = "<group>"; };
		84867025223FDBA400D2B726 /* UIView+Frame.h */ = {isa = PBXFileReference; fileEncoding = 4; lastKnownFileType = sourcecode.c.h; path = "UIView+Frame.h"; sourceTree = "<group>"; };
		84867026223FDBA400D2B726 /* NSString+base64.m */ = {isa = PBXFileReference; fileEncoding = 4; lastKnownFileType = sourcecode.c.objc; path = "NSString+base64.m"; sourceTree = "<group>"; };
		84867027223FDBA400D2B726 /* NSURL+DCHook.m */ = {isa = PBXFileReference; fileEncoding = 4; lastKnownFileType = sourcecode.c.objc; path = "NSURL+DCHook.m"; sourceTree = "<group>"; };
		84867028223FDBA400D2B726 /* UILabel+DCLabel.h */ = {isa = PBXFileReference; fileEncoding = 4; lastKnownFileType = sourcecode.c.h; path = "UILabel+DCLabel.h"; sourceTree = "<group>"; };
		84867029223FDBA400D2B726 /* UILabel+Common.m */ = {isa = PBXFileReference; fileEncoding = 4; lastKnownFileType = sourcecode.c.objc; path = "UILabel+Common.m"; sourceTree = "<group>"; };
		8486702A223FDBA400D2B726 /* UIColor+expanded.h */ = {isa = PBXFileReference; fileEncoding = 4; lastKnownFileType = sourcecode.c.h; path = "UIColor+expanded.h"; sourceTree = "<group>"; };
		8486702B223FDBA400D2B726 /* NSURL+DCHook.h */ = {isa = PBXFileReference; fileEncoding = 4; lastKnownFileType = sourcecode.c.h; path = "NSURL+DCHook.h"; sourceTree = "<group>"; };
		8486702C223FDBA500D2B726 /* UIImageView+DCExtension.h */ = {isa = PBXFileReference; fileEncoding = 4; lastKnownFileType = sourcecode.c.h; path = "UIImageView+DCExtension.h"; sourceTree = "<group>"; };
		8486702D223FDBA500D2B726 /* UIView+Common.m */ = {isa = PBXFileReference; fileEncoding = 4; lastKnownFileType = sourcecode.c.objc; path = "UIView+Common.m"; sourceTree = "<group>"; };
		8486702E223FDBA500D2B726 /* UILabel+Common.h */ = {isa = PBXFileReference; fileEncoding = 4; lastKnownFileType = sourcecode.c.h; path = "UILabel+Common.h"; sourceTree = "<group>"; };
		8486702F223FDBA500D2B726 /* UIImageView+DCExtension.m */ = {isa = PBXFileReference; fileEncoding = 4; lastKnownFileType = sourcecode.c.objc; path = "UIImageView+DCExtension.m"; sourceTree = "<group>"; };
		84867030223FDBA500D2B726 /* NSObject+DCNull.h */ = {isa = PBXFileReference; fileEncoding = 4; lastKnownFileType = sourcecode.c.h; path = "NSObject+DCNull.h"; sourceTree = "<group>"; };
		84867031223FDBA500D2B726 /* UIView+Frame.m */ = {isa = PBXFileReference; fileEncoding = 4; lastKnownFileType = sourcecode.c.objc; path = "UIView+Frame.m"; sourceTree = "<group>"; };
		84867032223FDBA500D2B726 /* UIColor+DCColorChange.m */ = {isa = PBXFileReference; fileEncoding = 4; lastKnownFileType = sourcecode.c.objc; path = "UIColor+DCColorChange.m"; sourceTree = "<group>"; };
		84867033223FDBA500D2B726 /* UIColor+expanded.m */ = {isa = PBXFileReference; fileEncoding = 4; lastKnownFileType = sourcecode.c.objc; path = "UIColor+expanded.m"; sourceTree = "<group>"; };
		84867034223FDBA500D2B726 /* UIBarButtonItem+DCBarButtonItem.m */ = {isa = PBXFileReference; fileEncoding = 4; lastKnownFileType = sourcecode.c.objc; path = "UIBarButtonItem+DCBarButtonItem.m"; sourceTree = "<group>"; };
		84867035223FDBA500D2B726 /* UIView+Common.h */ = {isa = PBXFileReference; fileEncoding = 4; lastKnownFileType = sourcecode.c.h; path = "UIView+Common.h"; sourceTree = "<group>"; };
		84867036223FDBA600D2B726 /* UIImage+DCCircle.m */ = {isa = PBXFileReference; fileEncoding = 4; lastKnownFileType = sourcecode.c.objc; path = "UIImage+DCCircle.m"; sourceTree = "<group>"; };
		84867037223FDBA600D2B726 /* UILabel+DCLabel.m */ = {isa = PBXFileReference; fileEncoding = 4; lastKnownFileType = sourcecode.c.objc; path = "UILabel+DCLabel.m"; sourceTree = "<group>"; };
		84867038223FDBA600D2B726 /* UIView+DCExtension.h */ = {isa = PBXFileReference; fileEncoding = 4; lastKnownFileType = sourcecode.c.h; path = "UIView+DCExtension.h"; sourceTree = "<group>"; };
		84867039223FDBA600D2B726 /* UIView+DCExtension.m */ = {isa = PBXFileReference; fileEncoding = 4; lastKnownFileType = sourcecode.c.objc; path = "UIView+DCExtension.m"; sourceTree = "<group>"; };
		8486703A223FDBA600D2B726 /* UIImage+Common.h */ = {isa = PBXFileReference; fileEncoding = 4; lastKnownFileType = sourcecode.c.h; path = "UIImage+Common.h"; sourceTree = "<group>"; };
		8486703B223FDBA600D2B726 /* UIImage+Common.m */ = {isa = PBXFileReference; fileEncoding = 4; lastKnownFileType = sourcecode.c.objc; path = "UIImage+Common.m"; sourceTree = "<group>"; };
		8486703C223FDBA600D2B726 /* UIBarButtonItem+DCBarButtonItem.h */ = {isa = PBXFileReference; fileEncoding = 4; lastKnownFileType = sourcecode.c.h; path = "UIBarButtonItem+DCBarButtonItem.h"; sourceTree = "<group>"; };
		8486704C223FDBAF00D2B726 /* GQGesVCTransition.m */ = {isa = PBXFileReference; fileEncoding = 4; lastKnownFileType = sourcecode.c.objc; path = GQGesVCTransition.m; sourceTree = "<group>"; };
		8486704D223FDBAF00D2B726 /* GQGesVCTransition.h */ = {isa = PBXFileReference; fileEncoding = 4; lastKnownFileType = sourcecode.c.h; path = GQGesVCTransition.h; sourceTree = "<group>"; };
		8486704F223FDC0C00D2B726 /* CLZHomeViewController.h */ = {isa = PBXFileReference; lastKnownFileType = sourcecode.c.h; path = CLZHomeViewController.h; sourceTree = "<group>"; };
		84867050223FDC0D00D2B726 /* CLZHomeViewController.m */ = {isa = PBXFileReference; lastKnownFileType = sourcecode.c.objc; path = CLZHomeViewController.m; sourceTree = "<group>"; };
		84867054223FDC3C00D2B726 /* CLZCarViewController.h */ = {isa = PBXFileReference; lastKnownFileType = sourcecode.c.h; path = CLZCarViewController.h; sourceTree = "<group>"; };
		84867055223FDC3C00D2B726 /* CLZCarViewController.m */ = {isa = PBXFileReference; lastKnownFileType = sourcecode.c.objc; path = CLZCarViewController.m; sourceTree = "<group>"; };
		84867058223FDC4F00D2B726 /* CLZMineViewController.h */ = {isa = PBXFileReference; lastKnownFileType = sourcecode.c.h; path = CLZMineViewController.h; sourceTree = "<group>"; };
		84867059223FDC4F00D2B726 /* CLZMineViewController.m */ = {isa = PBXFileReference; lastKnownFileType = sourcecode.c.objc; path = CLZMineViewController.m; sourceTree = "<group>"; };
		8486705E22411C7400D2B726 /* CLZAPIManager.h */ = {isa = PBXFileReference; lastKnownFileType = sourcecode.c.h; path = CLZAPIManager.h; sourceTree = "<group>"; };
		8486705F22411C7400D2B726 /* CLZAPIManager.m */ = {isa = PBXFileReference; lastKnownFileType = sourcecode.c.objc; path = CLZAPIManager.m; sourceTree = "<group>"; };
		84867061224125DA00D2B726 /* CLZGoodsModel.h */ = {isa = PBXFileReference; lastKnownFileType = sourcecode.c.h; path = CLZGoodsModel.h; sourceTree = "<group>"; };
		84867062224125DA00D2B726 /* CLZGoodsModel.m */ = {isa = PBXFileReference; lastKnownFileType = sourcecode.c.objc; path = CLZGoodsModel.m; sourceTree = "<group>"; };
		84867064224125F300D2B726 /* CLZCommendModel.h */ = {isa = PBXFileReference; lastKnownFileType = sourcecode.c.h; path = CLZCommendModel.h; sourceTree = "<group>"; };
		84867065224125F400D2B726 /* CLZCommendModel.m */ = {isa = PBXFileReference; lastKnownFileType = sourcecode.c.objc; path = CLZCommendModel.m; sourceTree = "<group>"; };
		848670672241296300D2B726 /* CLZHomeCommendRequest.h */ = {isa = PBXFileReference; lastKnownFileType = sourcecode.c.h; path = CLZHomeCommendRequest.h; sourceTree = "<group>"; };
		848670682241296300D2B726 /* CLZHomeCommendRequest.m */ = {isa = PBXFileReference; lastKnownFileType = sourcecode.c.objc; path = CLZHomeCommendRequest.m; sourceTree = "<group>"; };
		8486706A2241391B00D2B726 /* CLZGoodsTableViewCell.h */ = {isa = PBXFileReference; lastKnownFileType = sourcecode.c.h; path = CLZGoodsTableViewCell.h; sourceTree = "<group>"; };
		8486706B2241391B00D2B726 /* CLZGoodsTableViewCell.m */ = {isa = PBXFileReference; lastKnownFileType = sourcecode.c.objc; path = CLZGoodsTableViewCell.m; sourceTree = "<group>"; };
/* End PBXFileReference section */

/* Begin PBXFrameworksBuildPhase section */
		84866FF5223FD7F700D2B726 /* Frameworks */ = {
			isa = PBXFrameworksBuildPhase;
			buildActionMask = 2147483647;
			files = (
				4E98CDEA6A07F0343348F3F9 /* libPods-cailanzi.a in Frameworks */,
			);
			runOnlyForDeploymentPostprocessing = 0;
		};
/* End PBXFrameworksBuildPhase section */

/* Begin PBXGroup section */
		09A889756E5EBCBF797EAE8E /* Frameworks */ = {
			isa = PBXGroup;
			children = (
				503AAC29E36C816CDBD43A8A /* libPods-cailanzi.a */,
			);
			name = Frameworks;
			sourceTree = "<group>";
		};
		6AC3C0311072D560A431E46D /* Pods */ = {
			isa = PBXGroup;
			children = (
				407323AE9C3D2171DE15AA03 /* Pods-cailanzi.debug.xcconfig */,
				49FED0275851347EEF508179 /* Pods-cailanzi.release.xcconfig */,
			);
			name = Pods;
			sourceTree = "<group>";
		};
		844CAB2C22426ED90096D567 /* View */ = {
			isa = PBXGroup;
			children = (
				8486706A2241391B00D2B726 /* CLZGoodsTableViewCell.h */,
				8486706B2241391B00D2B726 /* CLZGoodsTableViewCell.m */,
			);
			path = View;
			sourceTree = "<group>";
		};
		844CAB2D22426EDD0096D567 /* Model */ = {
			isa = PBXGroup;
			children = (
				84867061224125DA00D2B726 /* CLZGoodsModel.h */,
				84867062224125DA00D2B726 /* CLZGoodsModel.m */,
				844CABD4224D1A8A0096D567 /* CLZAddressModel.h */,
				844CABD5224D1A8A0096D567 /* CLZAddressModel.m */,
				844CABC8224A80690096D567 /* CLZTypeModel.h */,
				844CABC9224A80690096D567 /* CLZTypeModel.m */,
				84867064224125F300D2B726 /* CLZCommendModel.h */,
				84867065224125F400D2B726 /* CLZCommendModel.m */,
				844CABA22249130C0096D567 /* CLZUserInfo.h */,
				844CABA32249130C0096D567 /* CLZUserInfo.m */,
				844CABD1224BB20A0096D567 /* CLZCarModel.h */,
				844CABD2224BB20A0096D567 /* CLZCarModel.m */,
				844CABC2224923BB0096D567 /* CLZGoodsTypeModel.h */,
				844CABC3224923BB0096D567 /* CLZGoodsTypeModel.m */,
				844CABEE2250CD1B0096D567 /* CLZBaseModel.h */,
				844CABEF2250CD1B0096D567 /* CLZBaseModel.m */,
				844CABF122510BF90096D567 /* CLZConfig.h */,
				844CABF222510BF90096D567 /* CLZConfig.m */,
				844CABF7225259150096D567 /* CLZOrderModel.h */,
				844CABF8225259150096D567 /* CLZOrderModel.m */,
			);
			path = Model;
			sourceTree = "<group>";
		};
		844CAB2E22426EE80096D567 /* Core */ = {
			isa = PBXGroup;
			children = (
				848670672241296300D2B726 /* CLZHomeCommendRequest.h */,
				848670682241296300D2B726 /* CLZHomeCommendRequest.m */,
				844CAB9F224912130096D567 /* CLZNetworkManager.h */,
				844CABA0224912130096D567 /* CLZNetworkManager.m */,
				844CABCE224BB1E90096D567 /* CLZCarManager.h */,
				844CABCF224BB1E90096D567 /* CLZCarManager.m */,
				844CABA52249133C0096D567 /* CLZStorageManager.h */,
				844CABA62249133C0096D567 /* CLZStorageManager.m */,
			);
			path = Core;
			sourceTree = "<group>";
		};
		844CAB902247BBBD0096D567 /* json */ = {
			isa = PBXGroup;
			children = (
				844CABE6224E6F940096D567 /* area.json */,
				844CAB932247BBCE0096D567 /* 葱姜类.json */,
				844CAB942247BBCF0096D567 /* 豆类.json */,
				844CAB922247BBCE0096D567 /* 根茎类.json */,
				844CAB972247BBD00096D567 /* 茄果类.json */,
				844CAB912247BBCE0096D567 /* 菌类.json */,
				844CAB952247BBCF0096D567 /* 特菜.json */,
				844CAB962247BBD00096D567 /* 叶菜类.json */,
			);
			path = json;
			sourceTree = "<group>";
		};
		844CABA8224914640096D567 /* Login */ = {
			isa = PBXGroup;
			children = (
				844CABA9224914820096D567 /* CLZLoginViewController.h */,
				844CABAA224914820096D567 /* CLZLoginViewController.m */,
				844CABAC2249149D0096D567 /* CLZRegisterViewController.h */,
				844CABAD2249149D0096D567 /* CLZRegisterViewController.m */,
			);
			path = Login;
			sourceTree = "<group>";
		};
		844CABB822491CBE0096D567 /* Order */ = {
			isa = PBXGroup;
			children = (
				844CABB922491CC60096D567 /* CLZOrdersViewController.h */,
				844CABBA22491CC60096D567 /* CLZOrdersViewController.m */,
				844CABE82250CA920096D567 /* CLZMyOrdersPageViewController.h */,
				844CABE92250CA920096D567 /* CLZMyOrdersPageViewController.m */,
				844CABEB2250CAE20096D567 /* CLZMyOrderTableViewController.h */,
				844CABEC2250CAE20096D567 /* CLZMyOrderTableViewController.m */,
				844CABF4225252CF0096D567 /* CLZMyOrderTableViewCell.h */,
				844CABF5225252CF0096D567 /* CLZMyOrderTableViewCell.m */,
			);
			path = Order;
			sourceTree = "<group>";
		};
		844CABBC22491EA00096D567 /* Address */ = {
			isa = PBXGroup;
			children = (
				844CABDC224E615F0096D567 /* CityModel.h */,
				844CABDB224E615F0096D567 /* CityModel.m */,
				844CABDA224E615F0096D567 /* RCAddressSelectView.h */,
				844CABDD224E61600096D567 /* RCAddressSelectView.m */,
				844CABDE224E61600096D567 /* RCAreaManager.h */,
				844CABDF224E61610096D567 /* RCAreaManager.m */,
				844CABBD22491EAC0096D567 /* CLZAddressManagerViewController.h */,
				844CABBE22491EAC0096D567 /* CLZAddressManagerViewController.m */,
				844CABE3224E62930096D567 /* CLZAddAddressViewController.h */,
				844CABE4224E62930096D567 /* CLZAddAddressViewController.m */,
			);
			path = Address;
			sourceTree = "<group>";
		};
		84866FEF223FD7F700D2B726 = {
			isa = PBXGroup;
			children = (
				84866FFA223FD7F700D2B726 /* cailanzi */,
				84866FF9223FD7F700D2B726 /* Products */,
				6AC3C0311072D560A431E46D /* Pods */,
				09A889756E5EBCBF797EAE8E /* Frameworks */,
			);
			sourceTree = "<group>";
		};
		84866FF9223FD7F700D2B726 /* Products */ = {
			isa = PBXGroup;
			children = (
				84866FF8223FD7F700D2B726 /* cailanzi.app */,
			);
			name = Products;
			sourceTree = "<group>";
		};
		84866FFA223FD7F700D2B726 /* cailanzi */ = {
			isa = PBXGroup;
			children = (
				844CAB902247BBBD0096D567 /* json */,
				8486704B223FDBAF00D2B726 /* GQGesVCTransition */,
				84867015223FD83000D2B726 /* Catefory */,
				84867014223FD82900D2B726 /* Base */,
				84867013223FD82100D2B726 /* View */,
				84867012223FD81B00D2B726 /* Model */,
				84867011223FD81500D2B726 /* Modules */,
				84866FFB223FD7F700D2B726 /* AppDelegate.h */,
				84866FFC223FD7F700D2B726 /* AppDelegate.m */,
				844CAB2F22426F7C0096D567 /* AppDelegate+extend.h */,
				844CAB3022426F7C0096D567 /* AppDelegate+extend.m */,
				84866FFE223FD7F700D2B726 /* ViewController.h */,
				84866FFF223FD7F700D2B726 /* ViewController.m */,
				8486701E223FDA7E00D2B726 /* MainViewController.h */,
				8486701F223FDA7E00D2B726 /* MainViewController.m */,
				8486701C223FD9F300D2B726 /* PrefixHeader.pch */,
				8486701D223FDA1800D2B726 /* Macros.h */,
				84867001223FD7F700D2B726 /* Main.storyboard */,
				84867004223FD7FB00D2B726 /* Assets.xcassets */,
				84867006223FD7FB00D2B726 /* LaunchScreen.storyboard */,
				84867009223FD7FB00D2B726 /* Info.plist */,
				8486700A223FD7FB00D2B726 /* main.m */,
			);
			path = cailanzi;
			sourceTree = "<group>";
		};
		84867011223FD81500D2B726 /* Modules */ = {
			isa = PBXGroup;
			children = (
				844CABBC22491EA00096D567 /* Address */,
				844CABB822491CBE0096D567 /* Order */,
				844CABA8224914640096D567 /* Login */,
				84867057223FDC4400D2B726 /* Mine */,
				84867053223FDC2600D2B726 /* ShoppingCar */,
				84867052223FDC1800D2B726 /* Home */,
			);
			path = Modules;
			sourceTree = "<group>";
		};
		84867012223FD81B00D2B726 /* Model */ = {
			isa = PBXGroup;
			children = (
			);
			path = Model;
			sourceTree = "<group>";
		};
		84867013223FD82100D2B726 /* View */ = {
			isa = PBXGroup;
			children = (
			);
			path = View;
			sourceTree = "<group>";
		};
		84867014223FD82900D2B726 /* Base */ = {
			isa = PBXGroup;
			children = (
				8486705C22411C2300D2B726 /* Core */,
				84867016223FD9A200D2B726 /* CLZBaseViewController.h */,
				84867017223FD9A200D2B726 /* CLZBaseViewController.m */,
				84867019223FD9BC00D2B726 /* CLZBaseNavigationController.h */,
				8486701A223FD9BC00D2B726 /* CLZBaseNavigationController.m */,
				844CABC022491EF30096D567 /* ClassName.plist */,
			);
			path = Base;
			sourceTree = "<group>";
		};
		84867015223FD83000D2B726 /* Catefory */ = {
			isa = PBXGroup;
			children = (
				84867030223FDBA500D2B726 /* NSObject+DCNull.h */,
				84867021223FDBA400D2B726 /* NSObject+DCNull.m */,
				84867024223FDBA400D2B726 /* NSString+base64.h */,
				84867026223FDBA400D2B726 /* NSString+base64.m */,
				8486702B223FDBA400D2B726 /* NSURL+DCHook.h */,
				84867027223FDBA400D2B726 /* NSURL+DCHook.m */,
				8486703C223FDBA600D2B726 /* UIBarButtonItem+DCBarButtonItem.h */,
				84867034223FDBA500D2B726 /* UIBarButtonItem+DCBarButtonItem.m */,
				84867022223FDBA400D2B726 /* UIColor+DCColorChange.h */,
				84867032223FDBA500D2B726 /* UIColor+DCColorChange.m */,
				8486702A223FDBA400D2B726 /* UIColor+expanded.h */,
				84867033223FDBA500D2B726 /* UIColor+expanded.m */,
				8486703A223FDBA600D2B726 /* UIImage+Common.h */,
				8486703B223FDBA600D2B726 /* UIImage+Common.m */,
				84867023223FDBA400D2B726 /* UIImage+DCCircle.h */,
				84867036223FDBA600D2B726 /* UIImage+DCCircle.m */,
				8486702C223FDBA500D2B726 /* UIImageView+DCExtension.h */,
				8486702F223FDBA500D2B726 /* UIImageView+DCExtension.m */,
				8486702E223FDBA500D2B726 /* UILabel+Common.h */,
				84867029223FDBA400D2B726 /* UILabel+Common.m */,
				84867028223FDBA400D2B726 /* UILabel+DCLabel.h */,
				84867037223FDBA600D2B726 /* UILabel+DCLabel.m */,
				84867035223FDBA500D2B726 /* UIView+Common.h */,
				8486702D223FDBA500D2B726 /* UIView+Common.m */,
				84867038223FDBA600D2B726 /* UIView+DCExtension.h */,
				84867039223FDBA600D2B726 /* UIView+DCExtension.m */,
				84867025223FDBA400D2B726 /* UIView+Frame.h */,
				84867031223FDBA500D2B726 /* UIView+Frame.m */,
			);
			path = Catefory;
			sourceTree = "<group>";
		};
		8486704B223FDBAF00D2B726 /* GQGesVCTransition */ = {
			isa = PBXGroup;
			children = (
				8486704C223FDBAF00D2B726 /* GQGesVCTransition.m */,
				8486704D223FDBAF00D2B726 /* GQGesVCTransition.h */,
			);
			path = GQGesVCTransition;
			sourceTree = "<group>";
		};
		84867052223FDC1800D2B726 /* Home */ = {
			isa = PBXGroup;
			children = (
				844CAB2E22426EE80096D567 /* Core */,
				844CAB2D22426EDD0096D567 /* Model */,
				844CAB2C22426ED90096D567 /* View */,
				8486704F223FDC0C00D2B726 /* CLZHomeViewController.h */,
				84867050223FDC0D00D2B726 /* CLZHomeViewController.m */,
				844CABC5224A74E30096D567 /* CLZHomeDisplayPageController.h */,
				844CABC6224A74E30096D567 /* CLZHomeDisplayPageController.m */,
				844CABCB224A81410096D567 /* CLZGoosListViewController.h */,
				844CABCC224A81410096D567 /* CLZGoosListViewController.m */,
			);
			path = Home;
			sourceTree = "<group>";
		};
		84867053223FDC2600D2B726 /* ShoppingCar */ = {
			isa = PBXGroup;
			children = (
				84867054223FDC3C00D2B726 /* CLZCarViewController.h */,
				84867055223FDC3C00D2B726 /* CLZCarViewController.m */,
				844CABD7224E60770096D567 /* CLZConfirmOrderViewController.h */,
				844CABD8224E60770096D567 /* CLZConfirmOrderViewController.m */,
			);
			path = ShoppingCar;
			sourceTree = "<group>";
		};
		84867057223FDC4400D2B726 /* Mine */ = {
			isa = PBXGroup;
			children = (
				84867058223FDC4F00D2B726 /* CLZMineViewController.h */,
				84867059223FDC4F00D2B726 /* CLZMineViewController.m */,
				844CABAF22491A500096D567 /* CLZFanKuiViewController.h */,
				844CABB022491A500096D567 /* CLZFanKuiViewController.m */,
				844CABB222491AAC0096D567 /* CLZProtocolViewController.h */,
				844CABB322491AAC0096D567 /* CLZProtocolViewController.m */,
				844CABB522491ACE0096D567 /* CLZAboutViewController.h */,
				844CABB622491ACE0096D567 /* CLZAboutViewController.m */,
			);
			path = Mine;
			sourceTree = "<group>";
		};
		8486705C22411C2300D2B726 /* Core */ = {
			isa = PBXGroup;
			children = (
				8486705D22411C2B00D2B726 /* NewWork */,
			);
			path = Core;
			sourceTree = "<group>";
		};
		8486705D22411C2B00D2B726 /* NewWork */ = {
			isa = PBXGroup;
			children = (
				8486705E22411C7400D2B726 /* CLZAPIManager.h */,
				8486705F22411C7400D2B726 /* CLZAPIManager.m */,
			);
			path = NewWork;
			sourceTree = "<group>";
		};
/* End PBXGroup section */

/* Begin PBXNativeTarget section */
		84866FF7223FD7F700D2B726 /* cailanzi */ = {
			isa = PBXNativeTarget;
			buildConfigurationList = 8486700E223FD7FB00D2B726 /* Build configuration list for PBXNativeTarget "cailanzi" */;
			buildPhases = (
				48D44918B0036A38179754D3 /* [CP] Check Pods Manifest.lock */,
				84866FF4223FD7F700D2B726 /* Sources */,
				84866FF5223FD7F700D2B726 /* Frameworks */,
				84866FF6223FD7F700D2B726 /* Resources */,
				111617BD9A933738EF462389 /* [CP] Copy Pods Resources */,
			);
			buildRules = (
			);
			dependencies = (
			);
			name = cailanzi;
			productName = cailanzi;
			productReference = 84866FF8223FD7F700D2B726 /* cailanzi.app */;
			productType = "com.apple.product-type.application";
		};
/* End PBXNativeTarget section */

/* Begin PBXProject section */
		84866FF0223FD7F700D2B726 /* Project object */ = {
			isa = PBXProject;
			attributes = {
				CLASSPREFIX = CLZ;
				LastUpgradeCheck = 0930;
				ORGANIZATIONNAME = ting;
				TargetAttributes = {
					84866FF7223FD7F700D2B726 = {
						CreatedOnToolsVersion = 9.3;
					};
				};
			};
			buildConfigurationList = 84866FF3223FD7F700D2B726 /* Build configuration list for PBXProject "cailanzi" */;
			compatibilityVersion = "Xcode 9.3";
			developmentRegion = en;
			hasScannedForEncodings = 0;
			knownRegions = (
				en,
				Base,
			);
			mainGroup = 84866FEF223FD7F700D2B726;
			productRefGroup = 84866FF9223FD7F700D2B726 /* Products */;
			projectDirPath = "";
			projectRoot = "";
			targets = (
				84866FF7223FD7F700D2B726 /* cailanzi */,
			);
		};
/* End PBXProject section */

/* Begin PBXResourcesBuildPhase section */
		84866FF6223FD7F700D2B726 /* Resources */ = {
			isa = PBXResourcesBuildPhase;
			buildActionMask = 2147483647;
			files = (
				84867008223FD7FB00D2B726 /* LaunchScreen.storyboard in Resources */,
				844CAB9E2247BBD10096D567 /* 茄果类.json in Resources */,
				844CAB9D2247BBD10096D567 /* 叶菜类.json in Resources */,
				844CAB992247BBD10096D567 /* 根茎类.json in Resources */,
				844CAB9A2247BBD10096D567 /* 葱姜类.json in Resources */,
				84867005223FD7FB00D2B726 /* Assets.xcassets in Resources */,
				844CAB9C2247BBD10096D567 /* 特菜.json in Resources */,
				844CAB982247BBD10096D567 /* 菌类.json in Resources */,
				844CABC122491EF30096D567 /* ClassName.plist in Resources */,
				844CAB9B2247BBD10096D567 /* 豆类.json in Resources */,
				844CABE7224E6F940096D567 /* area.json in Resources */,
				84867003223FD7F700D2B726 /* Main.storyboard in Resources */,
			);
			runOnlyForDeploymentPostprocessing = 0;
		};
/* End PBXResourcesBuildPhase section */

/* Begin PBXShellScriptBuildPhase section */
		111617BD9A933738EF462389 /* [CP] Copy Pods Resources */ = {
			isa = PBXShellScriptBuildPhase;
			buildActionMask = 2147483647;
			files = (
			);
			inputPaths = (
				"${SRCROOT}/Pods/Target Support Files/Pods-cailanzi/Pods-cailanzi-resources.sh",
				"${PODS_ROOT}/AVOSCloud/AVOS/AVOSCloud/AVOSCloud_Art.inc",
				"${PODS_ROOT}/IQKeyboardManager/IQKeyboardManager/Resources/IQKeyboardManager.bundle",
				"${PODS_ROOT}/MJRefresh/MJRefresh/MJRefresh.bundle",
				"${PODS_ROOT}/SVProgressHUD/SVProgressHUD/SVProgressHUD.bundle",
				"${PODS_ROOT}/TZImagePickerController/TZImagePickerController/TZImagePickerController/TZImagePickerController.bundle",
			);
			name = "[CP] Copy Pods Resources";
			outputPaths = (
				"${TARGET_BUILD_DIR}/${UNLOCALIZED_RESOURCES_FOLDER_PATH}/AVOSCloud_Art.inc",
				"${TARGET_BUILD_DIR}/${UNLOCALIZED_RESOURCES_FOLDER_PATH}/IQKeyboardManager.bundle",
				"${TARGET_BUILD_DIR}/${UNLOCALIZED_RESOURCES_FOLDER_PATH}/MJRefresh.bundle",
				"${TARGET_BUILD_DIR}/${UNLOCALIZED_RESOURCES_FOLDER_PATH}/SVProgressHUD.bundle",
				"${TARGET_BUILD_DIR}/${UNLOCALIZED_RESOURCES_FOLDER_PATH}/TZImagePickerController.bundle",
			);
			runOnlyForDeploymentPostprocessing = 0;
			shellPath = /bin/sh;
			shellScript = "\"${SRCROOT}/Pods/Target Support Files/Pods-cailanzi/Pods-cailanzi-resources.sh\"\n";
			showEnvVarsInLog = 0;
		};
		48D44918B0036A38179754D3 /* [CP] Check Pods Manifest.lock */ = {
			isa = PBXShellScriptBuildPhase;
			buildActionMask = 2147483647;
			files = (
			);
			inputPaths = (
				"${PODS_PODFILE_DIR_PATH}/Podfile.lock",
				"${PODS_ROOT}/Manifest.lock",
			);
			name = "[CP] Check Pods Manifest.lock";
			outputPaths = (
				"$(DERIVED_FILE_DIR)/Pods-cailanzi-checkManifestLockResult.txt",
			);
			runOnlyForDeploymentPostprocessing = 0;
			shellPath = /bin/sh;
			shellScript = "diff \"${PODS_PODFILE_DIR_PATH}/Podfile.lock\" \"${PODS_ROOT}/Manifest.lock\" > /dev/null\nif [ $? != 0 ] ; then\n    # print error to STDERR\n    echo \"error: The sandbox is not in sync with the Podfile.lock. Run 'pod install' or update your CocoaPods installation.\" >&2\n    exit 1\nfi\n# This output is used by Xcode 'outputs' to avoid re-running this script phase.\necho \"SUCCESS\" > \"${SCRIPT_OUTPUT_FILE_0}\"\n";
			showEnvVarsInLog = 0;
		};
/* End PBXShellScriptBuildPhase section */

/* Begin PBXSourcesBuildPhase section */
		84866FF4223FD7F700D2B726 /* Sources */ = {
			isa = PBXSourcesBuildPhase;
			buildActionMask = 2147483647;
			files = (
				84867000223FD7F700D2B726 /* ViewController.m in Sources */,
				84867020223FDA7E00D2B726 /* MainViewController.m in Sources */,
				8486703D223FDBA600D2B726 /* NSObject+DCNull.m in Sources */,
				8486705A223FDC4F00D2B726 /* CLZMineViewController.m in Sources */,
				844CABE2224E61610096D567 /* RCAreaManager.m in Sources */,
				844CABAE2249149D0096D567 /* CLZRegisterViewController.m in Sources */,
				84867040223FDBA600D2B726 /* UILabel+Common.m in Sources */,
				844CABA1224912130096D567 /* CLZNetworkManager.m in Sources */,
				84867046223FDBA600D2B726 /* UIBarButtonItem+DCBarButtonItem.m in Sources */,
				84867051223FDC0D00D2B726 /* CLZHomeViewController.m in Sources */,
				84867049223FDBA600D2B726 /* UIView+DCExtension.m in Sources */,
				844CABD3224BB20A0096D567 /* CLZCarModel.m in Sources */,
				844CABE0224E61610096D567 /* CityModel.m in Sources */,
				844CABF322510BF90096D567 /* CLZConfig.m in Sources */,
				844CABCD224A81410096D567 /* CLZGoosListViewController.m in Sources */,
				844CABD9224E60770096D567 /* CLZConfirmOrderViewController.m in Sources */,
				848670692241296300D2B726 /* CLZHomeCommendRequest.m in Sources */,
				844CABF02250CD1B0096D567 /* CLZBaseModel.m in Sources */,
				844CABAB224914820096D567 /* CLZLoginViewController.m in Sources */,
				844CABB722491ACE0096D567 /* CLZAboutViewController.m in Sources */,
				844CABCA224A80690096D567 /* CLZTypeModel.m in Sources */,
				844CABE5224E62930096D567 /* CLZAddAddressViewController.m in Sources */,
				84867066224125F400D2B726 /* CLZCommendModel.m in Sources */,
				844CABBB22491CC60096D567 /* CLZOrdersViewController.m in Sources */,
				84867047223FDBA600D2B726 /* UIImage+DCCircle.m in Sources */,
				844CABB122491A500096D567 /* CLZFanKuiViewController.m in Sources */,
				8486706C2241391B00D2B726 /* CLZGoodsTableViewCell.m in Sources */,
				844CABA72249133C0096D567 /* CLZStorageManager.m in Sources */,
				844CABF6225252CF0096D567 /* CLZMyOrderTableViewCell.m in Sources */,
				844CABC4224923BB0096D567 /* CLZGoodsTypeModel.m in Sources */,
				844CABF9225259150096D567 /* CLZOrderModel.m in Sources */,
				84867018223FD9A200D2B726 /* CLZBaseViewController.m in Sources */,
				84867045223FDBA600D2B726 /* UIColor+expanded.m in Sources */,
				844CABEA2250CA920096D567 /* CLZMyOrdersPageViewController.m in Sources */,
				844CABC7224A74E30096D567 /* CLZHomeDisplayPageController.m in Sources */,
				84867043223FDBA600D2B726 /* UIView+Frame.m in Sources */,
				8486703E223FDBA600D2B726 /* NSString+base64.m in Sources */,
				8486703F223FDBA600D2B726 /* NSURL+DCHook.m in Sources */,
				8486706022411C7400D2B726 /* CLZAPIManager.m in Sources */,
				8486704E223FDBB000D2B726 /* GQGesVCTransition.m in Sources */,
				8486701B223FD9BC00D2B726 /* CLZBaseNavigationController.m in Sources */,
				844CAB3122426F7C0096D567 /* AppDelegate+extend.m in Sources */,
				84867048223FDBA600D2B726 /* UILabel+DCLabel.m in Sources */,
				84867041223FDBA600D2B726 /* UIView+Common.m in Sources */,
				8486700B223FD7FB00D2B726 /* main.m in Sources */,
				84867063224125DA00D2B726 /* CLZGoodsModel.m in Sources */,
				84867056223FDC3C00D2B726 /* CLZCarViewController.m in Sources */,
				844CABE1224E61610096D567 /* RCAddressSelectView.m in Sources */,
				8486704A223FDBA600D2B726 /* UIImage+Common.m in Sources */,
				844CABA42249130C0096D567 /* CLZUserInfo.m in Sources */,
				844CABB422491AAC0096D567 /* CLZProtocolViewController.m in Sources */,
				844CABD0224BB1E90096D567 /* CLZCarManager.m in Sources */,
				844CABD6224D1A8A0096D567 /* CLZAddressModel.m in Sources */,
				84866FFD223FD7F700D2B726 /* AppDelegate.m in Sources */,
				844CABED2250CAE20096D567 /* CLZMyOrderTableViewController.m in Sources */,
				84867044223FDBA600D2B726 /* UIColor+DCColorChange.m in Sources */,
				84867042223FDBA600D2B726 /* UIImageView+DCExtension.m in Sources */,
				844CABBF22491EAC0096D567 /* CLZAddressManagerViewController.m in Sources */,
			);
			runOnlyForDeploymentPostprocessing = 0;
		};
/* End PBXSourcesBuildPhase section */

/* Begin PBXVariantGroup section */
		84867001223FD7F700D2B726 /* Main.storyboard */ = {
			isa = PBXVariantGroup;
			children = (
				84867002223FD7F700D2B726 /* Base */,
			);
			name = Main.storyboard;
			sourceTree = "<group>";
		};
		84867006223FD7FB00D2B726 /* LaunchScreen.storyboard */ = {
			isa = PBXVariantGroup;
			children = (
				84867007223FD7FB00D2B726 /* Base */,
			);
			name = LaunchScreen.storyboard;
			sourceTree = "<group>";
		};
/* End PBXVariantGroup section */

/* Begin XCBuildConfiguration section */
		8486700C223FD7FB00D2B726 /* Debug */ = {
			isa = XCBuildConfiguration;
			buildSettings = {
				ALWAYS_SEARCH_USER_PATHS = NO;
				CLANG_ANALYZER_NONNULL = YES;
				CLANG_ANALYZER_NUMBER_OBJECT_CONVERSION = YES_AGGRESSIVE;
				CLANG_CXX_LANGUAGE_STANDARD = "gnu++14";
				CLANG_CXX_LIBRARY = "libc++";
				CLANG_ENABLE_MODULES = YES;
				CLANG_ENABLE_OBJC_ARC = YES;
				CLANG_ENABLE_OBJC_WEAK = YES;
				CLANG_WARN_BLOCK_CAPTURE_AUTORELEASING = YES;
				CLANG_WARN_BOOL_CONVERSION = YES;
				CLANG_WARN_COMMA = YES;
				CLANG_WARN_CONSTANT_CONVERSION = YES;
				CLANG_WARN_DEPRECATED_OBJC_IMPLEMENTATIONS = YES;
				CLANG_WARN_DIRECT_OBJC_ISA_USAGE = YES_ERROR;
				CLANG_WARN_DOCUMENTATION_COMMENTS = YES;
				CLANG_WARN_EMPTY_BODY = YES;
				CLANG_WARN_ENUM_CONVERSION = YES;
				CLANG_WARN_INFINITE_RECURSION = YES;
				CLANG_WARN_INT_CONVERSION = YES;
				CLANG_WARN_NON_LITERAL_NULL_CONVERSION = YES;
				CLANG_WARN_OBJC_IMPLICIT_RETAIN_SELF = YES;
				CLANG_WARN_OBJC_LITERAL_CONVERSION = YES;
				CLANG_WARN_OBJC_ROOT_CLASS = YES_ERROR;
				CLANG_WARN_RANGE_LOOP_ANALYSIS = YES;
				CLANG_WARN_STRICT_PROTOTYPES = YES;
				CLANG_WARN_SUSPICIOUS_MOVE = YES;
				CLANG_WARN_UNGUARDED_AVAILABILITY = YES_AGGRESSIVE;
				CLANG_WARN_UNREACHABLE_CODE = YES;
				CLANG_WARN__DUPLICATE_METHOD_MATCH = YES;
				CODE_SIGN_IDENTITY = "iPhone Developer";
				COPY_PHASE_STRIP = NO;
				DEBUG_INFORMATION_FORMAT = dwarf;
				ENABLE_STRICT_OBJC_MSGSEND = YES;
				ENABLE_TESTABILITY = YES;
				GCC_C_LANGUAGE_STANDARD = gnu11;
				GCC_DYNAMIC_NO_PIC = NO;
				GCC_NO_COMMON_BLOCKS = YES;
				GCC_OPTIMIZATION_LEVEL = 0;
				GCC_PREPROCESSOR_DEFINITIONS = (
					"DEBUG=1",
					"$(inherited)",
				);
				GCC_WARN_64_TO_32_BIT_CONVERSION = YES;
				GCC_WARN_ABOUT_RETURN_TYPE = YES_ERROR;
				GCC_WARN_UNDECLARED_SELECTOR = YES;
				GCC_WARN_UNINITIALIZED_AUTOS = YES_AGGRESSIVE;
				GCC_WARN_UNUSED_FUNCTION = YES;
				GCC_WARN_UNUSED_VARIABLE = YES;
				IPHONEOS_DEPLOYMENT_TARGET = 11.3;
				MTL_ENABLE_DEBUG_INFO = YES;
				ONLY_ACTIVE_ARCH = YES;
				SDKROOT = iphoneos;
			};
			name = Debug;
		};
		8486700D223FD7FB00D2B726 /* Release */ = {
			isa = XCBuildConfiguration;
			buildSettings = {
				ALWAYS_SEARCH_USER_PATHS = NO;
				CLANG_ANALYZER_NONNULL = YES;
				CLANG_ANALYZER_NUMBER_OBJECT_CONVERSION = YES_AGGRESSIVE;
				CLANG_CXX_LANGUAGE_STANDARD = "gnu++14";
				CLANG_CXX_LIBRARY = "libc++";
				CLANG_ENABLE_MODULES = YES;
				CLANG_ENABLE_OBJC_ARC = YES;
				CLANG_ENABLE_OBJC_WEAK = YES;
				CLANG_WARN_BLOCK_CAPTURE_AUTORELEASING = YES;
				CLANG_WARN_BOOL_CONVERSION = YES;
				CLANG_WARN_COMMA = YES;
				CLANG_WARN_CONSTANT_CONVERSION = YES;
				CLANG_WARN_DEPRECATED_OBJC_IMPLEMENTATIONS = YES;
				CLANG_WARN_DIRECT_OBJC_ISA_USAGE = YES_ERROR;
				CLANG_WARN_DOCUMENTATION_COMMENTS = YES;
				CLANG_WARN_EMPTY_BODY = YES;
				CLANG_WARN_ENUM_CONVERSION = YES;
				CLANG_WARN_INFINITE_RECURSION = YES;
				CLANG_WARN_INT_CONVERSION = YES;
				CLANG_WARN_NON_LITERAL_NULL_CONVERSION = YES;
				CLANG_WARN_OBJC_IMPLICIT_RETAIN_SELF = YES;
				CLANG_WARN_OBJC_LITERAL_CONVERSION = YES;
				CLANG_WARN_OBJC_ROOT_CLASS = YES_ERROR;
				CLANG_WARN_RANGE_LOOP_ANALYSIS = YES;
				CLANG_WARN_STRICT_PROTOTYPES = YES;
				CLANG_WARN_SUSPICIOUS_MOVE = YES;
				CLANG_WARN_UNGUARDED_AVAILABILITY = YES_AGGRESSIVE;
				CLANG_WARN_UNREACHABLE_CODE = YES;
				CLANG_WARN__DUPLICATE_METHOD_MATCH = YES;
				CODE_SIGN_IDENTITY = "iPhone Developer";
				COPY_PHASE_STRIP = NO;
				DEBUG_INFORMATION_FORMAT = "dwarf-with-dsym";
				ENABLE_NS_ASSERTIONS = NO;
				ENABLE_STRICT_OBJC_MSGSEND = YES;
				GCC_C_LANGUAGE_STANDARD = gnu11;
				GCC_NO_COMMON_BLOCKS = YES;
				GCC_WARN_64_TO_32_BIT_CONVERSION = YES;
				GCC_WARN_ABOUT_RETURN_TYPE = YES_ERROR;
				GCC_WARN_UNDECLARED_SELECTOR = YES;
				GCC_WARN_UNINITIALIZED_AUTOS = YES_AGGRESSIVE;
				GCC_WARN_UNUSED_FUNCTION = YES;
				GCC_WARN_UNUSED_VARIABLE = YES;
				IPHONEOS_DEPLOYMENT_TARGET = 11.3;
				MTL_ENABLE_DEBUG_INFO = NO;
				SDKROOT = iphoneos;
				VALIDATE_PRODUCT = YES;
			};
			name = Release;
		};
		8486700F223FD7FB00D2B726 /* Debug */ = {
			isa = XCBuildConfiguration;
			baseConfigurationReference = 407323AE9C3D2171DE15AA03 /* Pods-cailanzi.debug.xcconfig */;
			buildSettings = {
				ASSETCATALOG_COMPILER_APPICON_NAME = AppIcon;
				CODE_SIGN_STYLE = Automatic;
				DEVELOPMENT_TEAM = E5EJ3R9VNE;
				GCC_PREFIX_HEADER = cailanzi/PrefixHeader.pch;
				INFOPLIST_FILE = cailanzi/Info.plist;
				IPHONEOS_DEPLOYMENT_TARGET = 9.0;
				LD_RUNPATH_SEARCH_PATHS = (
					"$(inherited)",
					"@executable_path/Frameworks",
				);
				PRODUCT_BUNDLE_IDENTIFIER = com.ting.cailanzi;
				PRODUCT_NAME = "$(TARGET_NAME)";
				TARGETED_DEVICE_FAMILY = 1;
			};
			name = Debug;
		};
		84867010223FD7FB00D2B726 /* Release */ = {
			isa = XCBuildConfiguration;
			baseConfigurationReference = 49FED0275851347EEF508179 /* Pods-cailanzi.release.xcconfig */;
			buildSettings = {
				ASSETCATALOG_COMPILER_APPICON_NAME = AppIcon;
				CODE_SIGN_STYLE = Automatic;
				DEVELOPMENT_TEAM = E5EJ3R9VNE;
				GCC_PREFIX_HEADER = cailanzi/PrefixHeader.pch;
				INFOPLIST_FILE = cailanzi/Info.plist;
				IPHONEOS_DEPLOYMENT_TARGET = 9.0;
				LD_RUNPATH_SEARCH_PATHS = (
					"$(inherited)",
					"@executable_path/Frameworks",
				);
				PRODUCT_BUNDLE_IDENTIFIER = com.ting.cailanzi;
				PRODUCT_NAME = "$(TARGET_NAME)";
				TARGETED_DEVICE_FAMILY = 1;
			};
			name = Release;
		};
/* End XCBuildConfiguration section */

/* Begin XCConfigurationList section */
		84866FF3223FD7F700D2B726 /* Build configuration list for PBXProject "cailanzi" */ = {
			isa = XCConfigurationList;
			buildConfigurations = (
				8486700C223FD7FB00D2B726 /* Debug */,
				8486700D223FD7FB00D2B726 /* Release */,
			);
			defaultConfigurationIsVisible = 0;
			defaultConfigurationName = Release;
		};
		8486700E223FD7FB00D2B726 /* Build configuration list for PBXNativeTarget "cailanzi" */ = {
			isa = XCConfigurationList;
			buildConfigurations = (
				8486700F223FD7FB00D2B726 /* Debug */,
				84867010223FD7FB00D2B726 /* Release */,
			);
			defaultConfigurationIsVisible = 0;
			defaultConfigurationName = Release;
		};
/* End XCConfigurationList section */
	};
	rootObject = 84866FF0223FD7F700D2B726 /* Project object */;
}
